
Microsoft Visual Studio Solution File, Format Version 12.00
# Visual Studio Version 17
VisualStudioVersion = 17.8.34316.72
MinimumVisualStudioVersion = 10.0.40219.1
Project("{9A19103F-16F7-4668-BE54-9A1E7A4F7556}") = "Lab9", "Lab9.csproj", "{1A338D5A-5C58-477E-BC0C-EAA29FF7E995}"
EndProject
Global
	GlobalSection(SolutionConfigurationPlatforms) = preSolution
		Debug|Any CPU = Debug|Any CPU
		Release|Any CPU = Release|Any CPU
	EndGlobalSection
	GlobalSection(ProjectConfigurationPlatforms) = postSolution
		{1A338D5A-5C58-477E-BC0C-EAA29FF7E995}.Debug|Any CPU.ActiveCfg = Debug|Any CPU
		{1A338D5A-5C58-477E-BC0C-EAA29FF7E995}.Debug|Any CPU.Build.0 = Debug|Any CPU
		{1A338D5A-5C58-477E-BC0C-EAA29FF7E995}.Release|Any CPU.ActiveCfg = Release|Any CPU
		{1A338D5A-5C58-477E-BC0C-EAA29FF7E995}.Release|Any CPU.Build.0 = Release|Any CPU
	EndGlobalSection
	GlobalSection(SolutionProperties) = preSolution
		HideSolutionNode = FALSE
	EndGlobalSection
	GlobalSection(ExtensibilityGlobals) = postSolution
		SolutionGuid = {2C07B018-C818-4443-A023-BC5AEE26272C}
	EndGlobalSection
EndGlobal
