
Microsoft Visual Studio Solution File, Format Version 12.00
# Visual Studio Version 17
VisualStudioVersion = 17.8.34316.72
MinimumVisualStudioVersion = 10.0.40219.1
Project("{9A19103F-16F7-4668-BE54-9A1E7A4F7556}") = "Lab7", "Lab7.csproj", "{11DFD6A8-2290-4FB1-A8DD-23DBB43B01EA}"
EndProject
Global
	GlobalSection(SolutionConfigurationPlatforms) = preSolution
		Debug|Any CPU = Debug|Any CPU
		Release|Any CPU = Release|Any CPU
	EndGlobalSection
	GlobalSection(ProjectConfigurationPlatforms) = postSolution
		{11DFD6A8-2290-4FB1-A8DD-23DBB43B01EA}.Debug|Any CPU.ActiveCfg = Debug|Any CPU
		{11DFD6A8-2290-4FB1-A8DD-23DBB43B01EA}.Debug|Any CPU.Build.0 = Debug|Any CPU
		{11DFD6A8-2290-4FB1-A8DD-23DBB43B01EA}.Release|Any CPU.ActiveCfg = Release|Any CPU
		{11DFD6A8-2290-4FB1-A8DD-23DBB43B01EA}.Release|Any CPU.Build.0 = Release|Any CPU
	EndGlobalSection
	GlobalSection(SolutionProperties) = preSolution
		HideSolutionNode = FALSE
	EndGlobalSection
	GlobalSection(ExtensibilityGlobals) = postSolution
		SolutionGuid = {44C1F266-FE94-41FE-AB17-93DBCE6CE346}
	EndGlobalSection
EndGlobal
