// !$*UTF8*$!
{
	archiveVersion = 1;
	classes = {
	};
	objectVersion = 50;
	objects = {

/* Begin PBXBuildFile section */
		3F648CC229D3333400899D77 /* AppDelegate.swift in Sources */ = {isa = PBXBuildFile; fileRef = 3F648CC129D3333400899D77 /* AppDelegate.swift */; };
		3F648CC429D3333400899D77 /* SceneDelegate.swift in Sources */ = {isa = PBXBuildFile; fileRef = 3F648CC329D3333400899D77 /* SceneDelegate.swift */; };
		3F648CC729D3333400899D77 /* lab5_1.xcdatamodeld in Sources */ = {isa = PBXBuildFile; fileRef = 3F648CC529D3333400899D77 /* lab5_1.xcdatamodeld */; };
		3F648CC929D3333400899D77 /* ContentView.swift in Sources */ = {isa = PBXBuildFile; fileRef = 3F648CC829D3333400899D77 /* ContentView.swift */; };
		3F648CCB29D3333600899D77 /* Assets.xcassets in Resources */ = {isa = PBXBuildFile; fileRef = 3F648CCA29D3333600899D77 /* Assets.xcassets */; };
		3F648CCE29D3333600899D77 /* Preview Assets.xcassets in Resources */ = {isa = PBXBuildFile; fileRef = 3F648CCD29D3333600899D77 /* Preview Assets.xcassets */; };
		3F648CD129D3333600899D77 /* LaunchScreen.storyboard in Resources */ = {isa = PBXBuildFile; fileRef = 3F648CCF29D3333600899D77 /* LaunchScreen.storyboard */; };
		3F648CD929D3339C00899D77 /* View2.swift in Sources */ = {isa = PBXBuildFile; fileRef = 3F648CD829D3339C00899D77 /* View2.swift */; };
		3F648CDB29D333A900899D77 /* View3.swift in Sources */ = {isa = PBXBuildFile; fileRef = 3F648CDA29D333A900899D77 /* View3.swift */; };
/* End PBXBuildFile section */

/* Begin PBXFileReference section */
		3F648CBE29D3333400899D77 /* lab5_1.app */ = {isa = PBXFileReference; explicitFileType = wrapper.application; includeInIndex = 0; path = lab5_1.app; sourceTree = BUILT_PRODUCTS_DIR; };
		3F648CC129D3333400899D77 /* AppDelegate.swift */ = {isa = PBXFileReference; lastKnownFileType = sourcecode.swift; path = AppDelegate.swift; sourceTree = "<group>"; };
		3F648CC329D3333400899D77 /* SceneDelegate.swift */ = {isa = PBXFileReference; lastKnownFileType = sourcecode.swift; path = SceneDelegate.swift; sourceTree = "<group>"; };
		3F648CC629D3333400899D77 /* lab5_1.xcdatamodel */ = {isa = PBXFileReference; lastKnownFileType = wrapper.xcdatamodel; path = lab5_1.xcdatamodel; sourceTree = "<group>"; };
		3F648CC829D3333400899D77 /* ContentView.swift */ = {isa = PBXFileReference; lastKnownFileType = sourcecode.swift; path = ContentView.swift; sourceTree = "<group>"; };
		3F648CCA29D3333600899D77 /* Assets.xcassets */ = {isa = PBXFileReference; lastKnownFileType = folder.assetcatalog; path = Assets.xcassets; sourceTree = "<group>"; };
		3F648CCD29D3333600899D77 /* Preview Assets.xcassets */ = {isa = PBXFileReference; lastKnownFileType = folder.assetcatalog; path = "Preview Assets.xcassets"; sourceTree = "<group>"; };
		3F648CD029D3333600899D77 /* Base */ = {isa = PBXFileReference; lastKnownFileType = file.storyboard; name = Base; path = Base.lproj/LaunchScreen.storyboard; sourceTree = "<group>"; };
		3F648CD229D3333600899D77 /* Info.plist */ = {isa = PBXFileReference; lastKnownFileType = text.plist.xml; path = Info.plist; sourceTree = "<group>"; };
		3F648CD829D3339C00899D77 /* View2.swift */ = {isa = PBXFileReference; lastKnownFileType = sourcecode.swift; path = View2.swift; sourceTree = "<group>"; };
		3F648CDA29D333A900899D77 /* View3.swift */ = {isa = PBXFileReference; lastKnownFileType = sourcecode.swift; path = View3.swift; sourceTree = "<group>"; };
/* End PBXFileReference section */

/* Begin PBXFrameworksBuildPhase section */
		3F648CBB29D3333400899D77 /* Frameworks */ = {
			isa = PBXFrameworksBuildPhase;
			buildActionMask = 2147483647;
			files = (
			);
			runOnlyForDeploymentPostprocessing = 0;
		};
/* End PBXFrameworksBuildPhase section */

/* Begin PBXGroup section */
		3F648CB529D3333400899D77 = {
			isa = PBXGroup;
			children = (
				3F648CC029D3333400899D77 /* lab5_1 */,
				3F648CBF29D3333400899D77 /* Products */,
			);
			sourceTree = "<group>";
		};
		3F648CBF29D3333400899D77 /* Products */ = {
			isa = PBXGroup;
			children = (
				3F648CBE29D3333400899D77 /* lab5_1.app */,
			);
			name = Products;
			sourceTree = "<group>";
		};
		3F648CC029D3333400899D77 /* lab5_1 */ = {
			isa = PBXGroup;
			children = (
				3F648CC129D3333400899D77 /* AppDelegate.swift */,
				3F648CC329D3333400899D77 /* SceneDelegate.swift */,
				3F648CC829D3333400899D77 /* ContentView.swift */,
				3F648CCA29D3333600899D77 /* Assets.xcassets */,
				3F648CCF29D3333600899D77 /* LaunchScreen.storyboard */,
				3F648CD229D3333600899D77 /* Info.plist */,
				3F648CC529D3333400899D77 /* lab5_1.xcdatamodeld */,
				3F648CCC29D3333600899D77 /* Preview Content */,
				3F648CD829D3339C00899D77 /* View2.swift */,
				3F648CDA29D333A900899D77 /* View3.swift */,
			);
			path = lab5_1;
			sourceTree = "<group>";
		};
		3F648CCC29D3333600899D77 /* Preview Content */ = {
			isa = PBXGroup;
			children = (
				3F648CCD29D3333600899D77 /* Preview Assets.xcassets */,
			);
			path = "Preview Content";
			sourceTree = "<group>";
		};
/* End PBXGroup section */

/* Begin PBXNativeTarget section */
		3F648CBD29D3333400899D77 /* lab5_1 */ = {
			isa = PBXNativeTarget;
			buildConfigurationList = 3F648CD529D3333600899D77 /* Build configuration list for PBXNativeTarget "lab5_1" */;
			buildPhases = (
				3F648CBA29D3333400899D77 /* Sources */,
				3F648CBB29D3333400899D77 /* Frameworks */,
				3F648CBC29D3333400899D77 /* Resources */,
			);
			buildRules = (
			);
			dependencies = (
			);
			name = lab5_1;
			productName = lab5_1;
			productReference = 3F648CBE29D3333400899D77 /* lab5_1.app */;
			productType = "com.apple.product-type.application";
		};
/* End PBXNativeTarget section */

/* Begin PBXProject section */
		3F648CB629D3333400899D77 /* Project object */ = {
			isa = PBXProject;
			attributes = {
				LastSwiftUpdateCheck = 1130;
				LastUpgradeCheck = 1130;
				ORGANIZATIONNAME = PL;
				TargetAttributes = {
					3F648CBD29D3333400899D77 = {
						CreatedOnToolsVersion = 11.3.1;
					};
				};
			};
			buildConfigurationList = 3F648CB929D3333400899D77 /* Build configuration list for PBXProject "lab5_1" */;
			compatibilityVersion = "Xcode 9.3";
			developmentRegion = en;
			hasScannedForEncodings = 0;
			knownRegions = (
				en,
				Base,
			);
			mainGroup = 3F648CB529D3333400899D77;
			productRefGroup = 3F648CBF29D3333400899D77 /* Products */;
			projectDirPath = "";
			projectRoot = "";
			targets = (
				3F648CBD29D3333400899D77 /* lab5_1 */,
			);
		};
/* End PBXProject section */

/* Begin PBXResourcesBuildPhase section */
		3F648CBC29D3333400899D77 /* Resources */ = {
			isa = PBXResourcesBuildPhase;
			buildActionMask = 2147483647;
			files = (
				3F648CD129D3333600899D77 /* LaunchScreen.storyboard in Resources */,
				3F648CCE29D3333600899D77 /* Preview Assets.xcassets in Resources */,
				3F648CCB29D3333600899D77 /* Assets.xcassets in Resources */,
			);
			runOnlyForDeploymentPostprocessing = 0;
		};
/* End PBXResourcesBuildPhase section */

/* Begin PBXSourcesBuildPhase section */
		3F648CBA29D3333400899D77 /* Sources */ = {
			isa = PBXSourcesBuildPhase;
			buildActionMask = 2147483647;
			files = (
				3F648CD929D3339C00899D77 /* View2.swift in Sources */,
				3F648CC229D3333400899D77 /* AppDelegate.swift in Sources */,
				3F648CC429D3333400899D77 /* SceneDelegate.swift in Sources */,
				3F648CC929D3333400899D77 /* ContentView.swift in Sources */,
				3F648CDB29D333A900899D77 /* View3.swift in Sources */,
				3F648CC729D3333400899D77 /* lab5_1.xcdatamodeld in Sources */,
			);
			runOnlyForDeploymentPostprocessing = 0;
		};
/* End PBXSourcesBuildPhase section */

/* Begin PBXVariantGroup section */
		3F648CCF29D3333600899D77 /* LaunchScreen.storyboard */ = {
			isa = PBXVariantGroup;
			children = (
				3F648CD029D3333600899D77 /* Base */,
			);
			name = LaunchScreen.storyboard;
			sourceTree = "<group>";
		};
/* End PBXVariantGroup section */

/* Begin XCBuildConfiguration section */
		3F648CD329D3333600899D77 /* Debug */ = {
			isa = XCBuildConfiguration;
			buildSettings = {
				ALWAYS_SEARCH_USER_PATHS = NO;
				CLANG_ANALYZER_NONNULL = YES;
				CLANG_ANALYZER_NUMBER_OBJECT_CONVERSION = YES_AGGRESSIVE;
				CLANG_CXX_LANGUAGE_STANDARD = "gnu++14";
				CLANG_CXX_LIBRARY = "libc++";
				CLANG_ENABLE_MODULES = YES;
				CLANG_ENABLE_OBJC_ARC = YES;
				CLANG_ENABLE_OBJC_WEAK = YES;
				CLANG_WARN_BLOCK_CAPTURE_AUTORELEASING = YES;
				CLANG_WARN_BOOL_CONVERSION = YES;
				CLANG_WARN_COMMA = YES;
				CLANG_WARN_CONSTANT_CONVERSION = YES;
				CLANG_WARN_DEPRECATED_OBJC_IMPLEMENTATIONS = YES;
				CLANG_WARN_DIRECT_OBJC_ISA_USAGE = YES_ERROR;
				CLANG_WARN_DOCUMENTATION_COMMENTS = YES;
				CLANG_WARN_EMPTY_BODY = YES;
				CLANG_WARN_ENUM_CONVERSION = YES;
				CLANG_WARN_INFINITE_RECURSION = YES;
				CLANG_WARN_INT_CONVERSION = YES;
				CLANG_WARN_NON_LITERAL_NULL_CONVERSION = YES;
				CLANG_WARN_OBJC_IMPLICIT_RETAIN_SELF = YES;
				CLANG_WARN_OBJC_LITERAL_CONVERSION = YES;
				CLANG_WARN_OBJC_ROOT_CLASS = YES_ERROR;
				CLANG_WARN_RANGE_LOOP_ANALYSIS = YES;
				CLANG_WARN_STRICT_PROTOTYPES = YES;
				CLANG_WARN_SUSPICIOUS_MOVE = YES;
				CLANG_WARN_UNGUARDED_AVAILABILITY = YES_AGGRESSIVE;
				CLANG_WARN_UNREACHABLE_CODE = YES;
				CLANG_WARN__DUPLICATE_METHOD_MATCH = YES;
				COPY_PHASE_STRIP = NO;
				DEBUG_INFORMATION_FORMAT = dwarf;
				ENABLE_STRICT_OBJC_MSGSEND = YES;
				ENABLE_TESTABILITY = YES;
				GCC_C_LANGUAGE_STANDARD = gnu11;
				GCC_DYNAMIC_NO_PIC = NO;
				GCC_NO_COMMON_BLOCKS = YES;
				GCC_OPTIMIZATION_LEVEL = 0;
				GCC_PREPROCESSOR_DEFINITIONS = (
					"DEBUG=1",
					"$(inherited)",
				);
				GCC_WARN_64_TO_32_BIT_CONVERSION = YES;
				GCC_WARN_ABOUT_RETURN_TYPE = YES_ERROR;
				GCC_WARN_UNDECLARED_SELECTOR = YES;
				GCC_WARN_UNINITIALIZED_AUTOS = YES_AGGRESSIVE;
				GCC_WARN_UNUSED_FUNCTION = YES;
				GCC_WARN_UNUSED_VARIABLE = YES;
				IPHONEOS_DEPLOYMENT_TARGET = 13.2;
				MTL_ENABLE_DEBUG_INFO = INCLUDE_SOURCE;
				MTL_FAST_MATH = YES;
				ONLY_ACTIVE_ARCH = YES;
				SDKROOT = iphoneos;
				SWIFT_ACTIVE_COMPILATION_CONDITIONS = DEBUG;
				SWIFT_OPTIMIZATION_LEVEL = "-Onone";
			};
			name = Debug;
		};
		3F648CD429D3333600899D77 /* Release */ = {
			isa = XCBuildConfiguration;
			buildSettings = {
				ALWAYS_SEARCH_USER_PATHS = NO;
				CLANG_ANALYZER_NONNULL = YES;
				CLANG_ANALYZER_NUMBER_OBJECT_CONVERSION = YES_AGGRESSIVE;
				CLANG_CXX_LANGUAGE_STANDARD = "gnu++14";
				CLANG_CXX_LIBRARY = "libc++";
				CLANG_ENABLE_MODULES = YES;
				CLANG_ENABLE_OBJC_ARC = YES;
				CLANG_ENABLE_OBJC_WEAK = YES;
				CLANG_WARN_BLOCK_CAPTURE_AUTORELEASING = YES;
				CLANG_WARN_BOOL_CONVERSION = YES;
				CLANG_WARN_COMMA = YES;
				CLANG_WARN_CONSTANT_CONVERSION = YES;
				CLANG_WARN_DEPRECATED_OBJC_IMPLEMENTATIONS = YES;
				CLANG_WARN_DIRECT_OBJC_ISA_USAGE = YES_ERROR;
				CLANG_WARN_DOCUMENTATION_COMMENTS = YES;
				CLANG_WARN_EMPTY_BODY = YES;
				CLANG_WARN_ENUM_CONVERSION = YES;
				CLANG_WARN_INFINITE_RECURSION = YES;
				CLANG_WARN_INT_CONVERSION = YES;
				CLANG_WARN_NON_LITERAL_NULL_CONVERSION = YES;
				CLANG_WARN_OBJC_IMPLICIT_RETAIN_SELF = YES;
				CLANG_WARN_OBJC_LITERAL_CONVERSION = YES;
				CLANG_WARN_OBJC_ROOT_CLASS = YES_ERROR;
				CLANG_WARN_RANGE_LOOP_ANALYSIS = YES;
				CLANG_WARN_STRICT_PROTOTYPES = YES;
				CLANG_WARN_SUSPICIOUS_MOVE = YES;
				CLANG_WARN_UNGUARDED_AVAILABILITY = YES_AGGRESSIVE;
				CLANG_WARN_UNREACHABLE_CODE = YES;
				CLANG_WARN__DUPLICATE_METHOD_MATCH = YES;
				COPY_PHASE_STRIP = NO;
				DEBUG_INFORMATION_FORMAT = "dwarf-with-dsym";
				ENABLE_NS_ASSERTIONS = NO;
				ENABLE_STRICT_OBJC_MSGSEND = YES;
				GCC_C_LANGUAGE_STANDARD = gnu11;
				GCC_NO_COMMON_BLOCKS = YES;
				GCC_WARN_64_TO_32_BIT_CONVERSION = YES;
				GCC_WARN_ABOUT_RETURN_TYPE = YES_ERROR;
				GCC_WARN_UNDECLARED_SELECTOR = YES;
				GCC_WARN_UNINITIALIZED_AUTOS = YES_AGGRESSIVE;
				GCC_WARN_UNUSED_FUNCTION = YES;
				GCC_WARN_UNUSED_VARIABLE = YES;
				IPHONEOS_DEPLOYMENT_TARGET = 13.2;
				MTL_ENABLE_DEBUG_INFO = NO;
				MTL_FAST_MATH = YES;
				SDKROOT = iphoneos;
				SWIFT_COMPILATION_MODE = wholemodule;
				SWIFT_OPTIMIZATION_LEVEL = "-O";
				VALIDATE_PRODUCT = YES;
			};
			name = Release;
		};
		3F648CD629D3333600899D77 /* Debug */ = {
			isa = XCBuildConfiguration;
			buildSettings = {
				ASSETCATALOG_COMPILER_APPICON_NAME = AppIcon;
				CODE_SIGN_STYLE = Automatic;
				DEVELOPMENT_ASSET_PATHS = "\"lab5_1/Preview Content\"";
				ENABLE_PREVIEWS = YES;
				INFOPLIST_FILE = lab5_1/Info.plist;
				LD_RUNPATH_SEARCH_PATHS = (
					"$(inherited)",
					"@executable_path/Frameworks",
				);
				PRODUCT_BUNDLE_IDENTIFIER = "PL.lab5-1";
				PRODUCT_NAME = "$(TARGET_NAME)";
				SWIFT_VERSION = 5.0;
				TARGETED_DEVICE_FAMILY = "1,2";
			};
			name = Debug;
		};
		3F648CD729D3333600899D77 /* Release */ = {
			isa = XCBuildConfiguration;
			buildSettings = {
				ASSETCATALOG_COMPILER_APPICON_NAME = AppIcon;
				CODE_SIGN_STYLE = Automatic;
				DEVELOPMENT_ASSET_PATHS = "\"lab5_1/Preview Content\"";
				ENABLE_PREVIEWS = YES;
				INFOPLIST_FILE = lab5_1/Info.plist;
				LD_RUNPATH_SEARCH_PATHS = (
					"$(inherited)",
					"@executable_path/Frameworks",
				);
				PRODUCT_BUNDLE_IDENTIFIER = "PL.lab5-1";
				PRODUCT_NAME = "$(TARGET_NAME)";
				SWIFT_VERSION = 5.0;
				TARGETED_DEVICE_FAMILY = "1,2";
			};
			name = Release;
		};
/* End XCBuildConfiguration section */

/* Begin XCConfigurationList section */
		3F648CB929D3333400899D77 /* Build configuration list for PBXProject "lab5_1" */ = {
			isa = XCConfigurationList;
			buildConfigurations = (
				3F648CD329D3333600899D77 /* Debug */,
				3F648CD429D3333600899D77 /* Release */,
			);
			defaultConfigurationIsVisible = 0;
			defaultConfigurationName = Release;
		};
		3F648CD529D3333600899D77 /* Build configuration list for PBXNativeTarget "lab5_1" */ = {
			isa = XCConfigurationList;
			buildConfigurations = (
				3F648CD629D3333600899D77 /* Debug */,
				3F648CD729D3333600899D77 /* Release */,
			);
			defaultConfigurationIsVisible = 0;
			defaultConfigurationName = Release;
		};
/* End XCConfigurationList section */

/* Begin XCVersionGroup section */
		3F648CC529D3333400899D77 /* lab5_1.xcdatamodeld */ = {
			isa = XCVersionGroup;
			children = (
				3F648CC629D3333400899D77 /* lab5_1.xcdatamodel */,
			);
			currentVersion = 3F648CC629D3333400899D77 /* lab5_1.xcdatamodel */;
			path = lab5_1.xcdatamodeld;
			sourceTree = "<group>";
			versionGroupType = wrapper.xcdatamodel;
		};
/* End XCVersionGroup section */
	};
	rootObject = 3F648CB629D3333400899D77 /* Project object */;
}
