// !$*UTF8*$!
{
	archiveVersion = 1;
	classes = {
	};
	objectVersion = 50;
	objects = {

/* Begin PBXBuildFile section */
		3F648CE929D33D6000899D77 /* AppDelegate.swift in Sources */ = {isa = PBXBuildFile; fileRef = 3F648CE829D33D6000899D77 /* AppDelegate.swift */; };
		3F648CEB29D33D6000899D77 /* SceneDelegate.swift in Sources */ = {isa = PBXBuildFile; fileRef = 3F648CEA29D33D6000899D77 /* SceneDelegate.swift */; };
		3F648CEE29D33D6000899D77 /* lab5_2.xcdatamodeld in Sources */ = {isa = PBXBuildFile; fileRef = 3F648CEC29D33D6000899D77 /* lab5_2.xcdatamodeld */; };
		3F648CF029D33D6000899D77 /* ContentView.swift in Sources */ = {isa = PBXBuildFile; fileRef = 3F648CEF29D33D6000899D77 /* ContentView.swift */; };
		3F648CF229D33D6100899D77 /* Assets.xcassets in Resources */ = {isa = PBXBuildFile; fileRef = 3F648CF129D33D6100899D77 /* Assets.xcassets */; };
		3F648CF529D33D6100899D77 /* Preview Assets.xcassets in Resources */ = {isa = PBXBuildFile; fileRef = 3F648CF429D33D6100899D77 /* Preview Assets.xcassets */; };
		3F648CF829D33D6100899D77 /* LaunchScreen.storyboard in Resources */ = {isa = PBXBuildFile; fileRef = 3F648CF629D33D6100899D77 /* LaunchScreen.storyboard */; };
		3F648D0029D33DC400899D77 /* Marka1View.swift in Sources */ = {isa = PBXBuildFile; fileRef = 3F648CFF29D33DC400899D77 /* Marka1View.swift */; };
		3F648D0229D33DCE00899D77 /* Marka2View.swift in Sources */ = {isa = PBXBuildFile; fileRef = 3F648D0129D33DCE00899D77 /* Marka2View.swift */; };
		3F648D0429D33DD900899D77 /* Marka3View.swift in Sources */ = {isa = PBXBuildFile; fileRef = 3F648D0329D33DD900899D77 /* Marka3View.swift */; };
/* End PBXBuildFile section */

/* Begin PBXFileReference section */
		3F648CE529D33D6000899D77 /* lab5_2.app */ = {isa = PBXFileReference; explicitFileType = wrapper.application; includeInIndex = 0; path = lab5_2.app; sourceTree = BUILT_PRODUCTS_DIR; };
		3F648CE829D33D6000899D77 /* AppDelegate.swift */ = {isa = PBXFileReference; lastKnownFileType = sourcecode.swift; path = AppDelegate.swift; sourceTree = "<group>"; };
		3F648CEA29D33D6000899D77 /* SceneDelegate.swift */ = {isa = PBXFileReference; lastKnownFileType = sourcecode.swift; path = SceneDelegate.swift; sourceTree = "<group>"; };
		3F648CED29D33D6000899D77 /* lab5_2.xcdatamodel */ = {isa = PBXFileReference; lastKnownFileType = wrapper.xcdatamodel; path = lab5_2.xcdatamodel; sourceTree = "<group>"; };
		3F648CEF29D33D6000899D77 /* ContentView.swift */ = {isa = PBXFileReference; lastKnownFileType = sourcecode.swift; path = ContentView.swift; sourceTree = "<group>"; };
		3F648CF129D33D6100899D77 /* Assets.xcassets */ = {isa = PBXFileReference; lastKnownFileType = folder.assetcatalog; path = Assets.xcassets; sourceTree = "<group>"; };
		3F648CF429D33D6100899D77 /* Preview Assets.xcassets */ = {isa = PBXFileReference; lastKnownFileType = folder.assetcatalog; path = "Preview Assets.xcassets"; sourceTree = "<group>"; };
		3F648CF729D33D6100899D77 /* Base */ = {isa = PBXFileReference; lastKnownFileType = file.storyboard; name = Base; path = Base.lproj/LaunchScreen.storyboard; sourceTree = "<group>"; };
		3F648CF929D33D6100899D77 /* Info.plist */ = {isa = PBXFileReference; lastKnownFileType = text.plist.xml; path = Info.plist; sourceTree = "<group>"; };
		3F648CFF29D33DC400899D77 /* Marka1View.swift */ = {isa = PBXFileReference; lastKnownFileType = sourcecode.swift; path = Marka1View.swift; sourceTree = "<group>"; };
		3F648D0129D33DCE00899D77 /* Marka2View.swift */ = {isa = PBXFileReference; lastKnownFileType = sourcecode.swift; path = Marka2View.swift; sourceTree = "<group>"; };
		3F648D0329D33DD900899D77 /* Marka3View.swift */ = {isa = PBXFileReference; lastKnownFileType = sourcecode.swift; path = Marka3View.swift; sourceTree = "<group>"; };
/* End PBXFileReference section */

/* Begin PBXFrameworksBuildPhase section */
		3F648CE229D33D6000899D77 /* Frameworks */ = {
			isa = PBXFrameworksBuildPhase;
			buildActionMask = 2147483647;
			files = (
			);
			runOnlyForDeploymentPostprocessing = 0;
		};
/* End PBXFrameworksBuildPhase section */

/* Begin PBXGroup section */
		3F648CDC29D33D6000899D77 = {
			isa = PBXGroup;
			children = (
				3F648CE729D33D6000899D77 /* lab5_2 */,
				3F648CE629D33D6000899D77 /* Products */,
			);
			sourceTree = "<group>";
		};
		3F648CE629D33D6000899D77 /* Products */ = {
			isa = PBXGroup;
			children = (
				3F648CE529D33D6000899D77 /* lab5_2.app */,
			);
			name = Products;
			sourceTree = "<group>";
		};
		3F648CE729D33D6000899D77 /* lab5_2 */ = {
			isa = PBXGroup;
			children = (
				3F648CE829D33D6000899D77 /* AppDelegate.swift */,
				3F648CEA29D33D6000899D77 /* SceneDelegate.swift */,
				3F648CEF29D33D6000899D77 /* ContentView.swift */,
				3F648CF129D33D6100899D77 /* Assets.xcassets */,
				3F648CF629D33D6100899D77 /* LaunchScreen.storyboard */,
				3F648CF929D33D6100899D77 /* Info.plist */,
				3F648CEC29D33D6000899D77 /* lab5_2.xcdatamodeld */,
				3F648CF329D33D6100899D77 /* Preview Content */,
				3F648CFF29D33DC400899D77 /* Marka1View.swift */,
				3F648D0129D33DCE00899D77 /* Marka2View.swift */,
				3F648D0329D33DD900899D77 /* Marka3View.swift */,
			);
			path = lab5_2;
			sourceTree = "<group>";
		};
		3F648CF329D33D6100899D77 /* Preview Content */ = {
			isa = PBXGroup;
			children = (
				3F648CF429D33D6100899D77 /* Preview Assets.xcassets */,
			);
			path = "Preview Content";
			sourceTree = "<group>";
		};
/* End PBXGroup section */

/* Begin PBXNativeTarget section */
		3F648CE429D33D6000899D77 /* lab5_2 */ = {
			isa = PBXNativeTarget;
			buildConfigurationList = 3F648CFC29D33D6100899D77 /* Build configuration list for PBXNativeTarget "lab5_2" */;
			buildPhases = (
				3F648CE129D33D6000899D77 /* Sources */,
				3F648CE229D33D6000899D77 /* Frameworks */,
				3F648CE329D33D6000899D77 /* Resources */,
			);
			buildRules = (
			);
			dependencies = (
			);
			name = lab5_2;
			productName = lab5_2;
			productReference = 3F648CE529D33D6000899D77 /* lab5_2.app */;
			productType = "com.apple.product-type.application";
		};
/* End PBXNativeTarget section */

/* Begin PBXProject section */
		3F648CDD29D33D6000899D77 /* Project object */ = {
			isa = PBXProject;
			attributes = {
				LastSwiftUpdateCheck = 1130;
				LastUpgradeCheck = 1130;
				ORGANIZATIONNAME = PL;
				TargetAttributes = {
					3F648CE429D33D6000899D77 = {
						CreatedOnToolsVersion = 11.3.1;
					};
				};
			};
			buildConfigurationList = 3F648CE029D33D6000899D77 /* Build configuration list for PBXProject "lab5_2" */;
			compatibilityVersion = "Xcode 9.3";
			developmentRegion = en;
			hasScannedForEncodings = 0;
			knownRegions = (
				en,
				Base,
			);
			mainGroup = 3F648CDC29D33D6000899D77;
			productRefGroup = 3F648CE629D33D6000899D77 /* Products */;
			projectDirPath = "";
			projectRoot = "";
			targets = (
				3F648CE429D33D6000899D77 /* lab5_2 */,
			);
		};
/* End PBXProject section */

/* Begin PBXResourcesBuildPhase section */
		3F648CE329D33D6000899D77 /* Resources */ = {
			isa = PBXResourcesBuildPhase;
			buildActionMask = 2147483647;
			files = (
				3F648CF829D33D6100899D77 /* LaunchScreen.storyboard in Resources */,
				3F648CF529D33D6100899D77 /* Preview Assets.xcassets in Resources */,
				3F648CF229D33D6100899D77 /* Assets.xcassets in Resources */,
			);
			runOnlyForDeploymentPostprocessing = 0;
		};
/* End PBXResourcesBuildPhase section */

/* Begin PBXSourcesBuildPhase section */
		3F648CE129D33D6000899D77 /* Sources */ = {
			isa = PBXSourcesBuildPhase;
			buildActionMask = 2147483647;
			files = (
				3F648CE929D33D6000899D77 /* AppDelegate.swift in Sources */,
				3F648CEE29D33D6000899D77 /* lab5_2.xcdatamodeld in Sources */,
				3F648D0029D33DC400899D77 /* Marka1View.swift in Sources */,
				3F648CF029D33D6000899D77 /* ContentView.swift in Sources */,
				3F648D0229D33DCE00899D77 /* Marka2View.swift in Sources */,
				3F648CEB29D33D6000899D77 /* SceneDelegate.swift in Sources */,
				3F648D0429D33DD900899D77 /* Marka3View.swift in Sources */,
			);
			runOnlyForDeploymentPostprocessing = 0;
		};
/* End PBXSourcesBuildPhase section */

/* Begin PBXVariantGroup section */
		3F648CF629D33D6100899D77 /* LaunchScreen.storyboard */ = {
			isa = PBXVariantGroup;
			children = (
				3F648CF729D33D6100899D77 /* Base */,
			);
			name = LaunchScreen.storyboard;
			sourceTree = "<group>";
		};
/* End PBXVariantGroup section */

/* Begin XCBuildConfiguration section */
		3F648CFA29D33D6100899D77 /* Debug */ = {
			isa = XCBuildConfiguration;
			buildSettings = {
				ALWAYS_SEARCH_USER_PATHS = NO;
				CLANG_ANALYZER_NONNULL = YES;
				CLANG_ANALYZER_NUMBER_OBJECT_CONVERSION = YES_AGGRESSIVE;
				CLANG_CXX_LANGUAGE_STANDARD = "gnu++14";
				CLANG_CXX_LIBRARY = "libc++";
				CLANG_ENABLE_MODULES = YES;
				CLANG_ENABLE_OBJC_ARC = YES;
				CLANG_ENABLE_OBJC_WEAK = YES;
				CLANG_WARN_BLOCK_CAPTURE_AUTORELEASING = YES;
				CLANG_WARN_BOOL_CONVERSION = YES;
				CLANG_WARN_COMMA = YES;
				CLANG_WARN_CONSTANT_CONVERSION = YES;
				CLANG_WARN_DEPRECATED_OBJC_IMPLEMENTATIONS = YES;
				CLANG_WARN_DIRECT_OBJC_ISA_USAGE = YES_ERROR;
				CLANG_WARN_DOCUMENTATION_COMMENTS = YES;
				CLANG_WARN_EMPTY_BODY = YES;
				CLANG_WARN_ENUM_CONVERSION = YES;
				CLANG_WARN_INFINITE_RECURSION = YES;
				CLANG_WARN_INT_CONVERSION = YES;
				CLANG_WARN_NON_LITERAL_NULL_CONVERSION = YES;
				CLANG_WARN_OBJC_IMPLICIT_RETAIN_SELF = YES;
				CLANG_WARN_OBJC_LITERAL_CONVERSION = YES;
				CLANG_WARN_OBJC_ROOT_CLASS = YES_ERROR;
				CLANG_WARN_RANGE_LOOP_ANALYSIS = YES;
				CLANG_WARN_STRICT_PROTOTYPES = YES;
				CLANG_WARN_SUSPICIOUS_MOVE = YES;
				CLANG_WARN_UNGUARDED_AVAILABILITY = YES_AGGRESSIVE;
				CLANG_WARN_UNREACHABLE_CODE = YES;
				CLANG_WARN__DUPLICATE_METHOD_MATCH = YES;
				COPY_PHASE_STRIP = NO;
				DEBUG_INFORMATION_FORMAT = dwarf;
				ENABLE_STRICT_OBJC_MSGSEND = YES;
				ENABLE_TESTABILITY = YES;
				GCC_C_LANGUAGE_STANDARD = gnu11;
				GCC_DYNAMIC_NO_PIC = NO;
				GCC_NO_COMMON_BLOCKS = YES;
				GCC_OPTIMIZATION_LEVEL = 0;
				GCC_PREPROCESSOR_DEFINITIONS = (
					"DEBUG=1",
					"$(inherited)",
				);
				GCC_WARN_64_TO_32_BIT_CONVERSION = YES;
				GCC_WARN_ABOUT_RETURN_TYPE = YES_ERROR;
				GCC_WARN_UNDECLARED_SELECTOR = YES;
				GCC_WARN_UNINITIALIZED_AUTOS = YES_AGGRESSIVE;
				GCC_WARN_UNUSED_FUNCTION = YES;
				GCC_WARN_UNUSED_VARIABLE = YES;
				IPHONEOS_DEPLOYMENT_TARGET = 13.2;
				MTL_ENABLE_DEBUG_INFO = INCLUDE_SOURCE;
				MTL_FAST_MATH = YES;
				ONLY_ACTIVE_ARCH = YES;
				SDKROOT = iphoneos;
				SWIFT_ACTIVE_COMPILATION_CONDITIONS = DEBUG;
				SWIFT_OPTIMIZATION_LEVEL = "-Onone";
			};
			name = Debug;
		};
		3F648CFB29D33D6100899D77 /* Release */ = {
			isa = XCBuildConfiguration;
			buildSettings = {
				ALWAYS_SEARCH_USER_PATHS = NO;
				CLANG_ANALYZER_NONNULL = YES;
				CLANG_ANALYZER_NUMBER_OBJECT_CONVERSION = YES_AGGRESSIVE;
				CLANG_CXX_LANGUAGE_STANDARD = "gnu++14";
				CLANG_CXX_LIBRARY = "libc++";
				CLANG_ENABLE_MODULES = YES;
				CLANG_ENABLE_OBJC_ARC = YES;
				CLANG_ENABLE_OBJC_WEAK = YES;
				CLANG_WARN_BLOCK_CAPTURE_AUTORELEASING = YES;
				CLANG_WARN_BOOL_CONVERSION = YES;
				CLANG_WARN_COMMA = YES;
				CLANG_WARN_CONSTANT_CONVERSION = YES;
				CLANG_WARN_DEPRECATED_OBJC_IMPLEMENTATIONS = YES;
				CLANG_WARN_DIRECT_OBJC_ISA_USAGE = YES_ERROR;
				CLANG_WARN_DOCUMENTATION_COMMENTS = YES;
				CLANG_WARN_EMPTY_BODY = YES;
				CLANG_WARN_ENUM_CONVERSION = YES;
				CLANG_WARN_INFINITE_RECURSION = YES;
				CLANG_WARN_INT_CONVERSION = YES;
				CLANG_WARN_NON_LITERAL_NULL_CONVERSION = YES;
				CLANG_WARN_OBJC_IMPLICIT_RETAIN_SELF = YES;
				CLANG_WARN_OBJC_LITERAL_CONVERSION = YES;
				CLANG_WARN_OBJC_ROOT_CLASS = YES_ERROR;
				CLANG_WARN_RANGE_LOOP_ANALYSIS = YES;
				CLANG_WARN_STRICT_PROTOTYPES = YES;
				CLANG_WARN_SUSPICIOUS_MOVE = YES;
				CLANG_WARN_UNGUARDED_AVAILABILITY = YES_AGGRESSIVE;
				CLANG_WARN_UNREACHABLE_CODE = YES;
				CLANG_WARN__DUPLICATE_METHOD_MATCH = YES;
				COPY_PHASE_STRIP = NO;
				DEBUG_INFORMATION_FORMAT = "dwarf-with-dsym";
				ENABLE_NS_ASSERTIONS = NO;
				ENABLE_STRICT_OBJC_MSGSEND = YES;
				GCC_C_LANGUAGE_STANDARD = gnu11;
				GCC_NO_COMMON_BLOCKS = YES;
				GCC_WARN_64_TO_32_BIT_CONVERSION = YES;
				GCC_WARN_ABOUT_RETURN_TYPE = YES_ERROR;
				GCC_WARN_UNDECLARED_SELECTOR = YES;
				GCC_WARN_UNINITIALIZED_AUTOS = YES_AGGRESSIVE;
				GCC_WARN_UNUSED_FUNCTION = YES;
				GCC_WARN_UNUSED_VARIABLE = YES;
				IPHONEOS_DEPLOYMENT_TARGET = 13.2;
				MTL_ENABLE_DEBUG_INFO = NO;
				MTL_FAST_MATH = YES;
				SDKROOT = iphoneos;
				SWIFT_COMPILATION_MODE = wholemodule;
				SWIFT_OPTIMIZATION_LEVEL = "-O";
				VALIDATE_PRODUCT = YES;
			};
			name = Release;
		};
		3F648CFD29D33D6100899D77 /* Debug */ = {
			isa = XCBuildConfiguration;
			buildSettings = {
				ASSETCATALOG_COMPILER_APPICON_NAME = AppIcon;
				CODE_SIGN_STYLE = Automatic;
				DEVELOPMENT_ASSET_PATHS = "\"lab5_2/Preview Content\"";
				ENABLE_PREVIEWS = YES;
				INFOPLIST_FILE = lab5_2/Info.plist;
				LD_RUNPATH_SEARCH_PATHS = (
					"$(inherited)",
					"@executable_path/Frameworks",
				);
				PRODUCT_BUNDLE_IDENTIFIER = "PL.lab5-2";
				PRODUCT_NAME = "$(TARGET_NAME)";
				SWIFT_VERSION = 5.0;
				TARGETED_DEVICE_FAMILY = "1,2";
			};
			name = Debug;
		};
		3F648CFE29D33D6100899D77 /* Release */ = {
			isa = XCBuildConfiguration;
			buildSettings = {
				ASSETCATALOG_COMPILER_APPICON_NAME = AppIcon;
				CODE_SIGN_STYLE = Automatic;
				DEVELOPMENT_ASSET_PATHS = "\"lab5_2/Preview Content\"";
				ENABLE_PREVIEWS = YES;
				INFOPLIST_FILE = lab5_2/Info.plist;
				LD_RUNPATH_SEARCH_PATHS = (
					"$(inherited)",
					"@executable_path/Frameworks",
				);
				PRODUCT_BUNDLE_IDENTIFIER = "PL.lab5-2";
				PRODUCT_NAME = "$(TARGET_NAME)";
				SWIFT_VERSION = 5.0;
				TARGETED_DEVICE_FAMILY = "1,2";
			};
			name = Release;
		};
/* End XCBuildConfiguration section */

/* Begin XCConfigurationList section */
		3F648CE029D33D6000899D77 /* Build configuration list for PBXProject "lab5_2" */ = {
			isa = XCConfigurationList;
			buildConfigurations = (
				3F648CFA29D33D6100899D77 /* Debug */,
				3F648CFB29D33D6100899D77 /* Release */,
			);
			defaultConfigurationIsVisible = 0;
			defaultConfigurationName = Release;
		};
		3F648CFC29D33D6100899D77 /* Build configuration list for PBXNativeTarget "lab5_2" */ = {
			isa = XCConfigurationList;
			buildConfigurations = (
				3F648CFD29D33D6100899D77 /* Debug */,
				3F648CFE29D33D6100899D77 /* Release */,
			);
			defaultConfigurationIsVisible = 0;
			defaultConfigurationName = Release;
		};
/* End XCConfigurationList section */

/* Begin XCVersionGroup section */
		3F648CEC29D33D6000899D77 /* lab5_2.xcdatamodeld */ = {
			isa = XCVersionGroup;
			children = (
				3F648CED29D33D6000899D77 /* lab5_2.xcdatamodel */,
			);
			currentVersion = 3F648CED29D33D6000899D77 /* lab5_2.xcdatamodel */;
			path = lab5_2.xcdatamodeld;
			sourceTree = "<group>";
			versionGroupType = wrapper.xcdatamodel;
		};
/* End XCVersionGroup section */
	};
	rootObject = 3F648CDD29D33D6000899D77 /* Project object */;
}
