
Microsoft Visual Studio Solution File, Format Version 12.00
# Visual Studio Version 17
VisualStudioVersion = 17.7.34031.279
MinimumVisualStudioVersion = 10.0.40219.1
Project("{FAE04EC0-301F-11D3-BF4B-00C04F79EFBC}") = "Lab8", "Lab8.csproj", "{63E7F669-B802-40B1-90D2-283D15BDE944}"
EndProject
Global
	GlobalSection(SolutionConfigurationPlatforms) = preSolution
		Debug|Any CPU = Debug|Any CPU
		Release|Any CPU = Release|Any CPU
	EndGlobalSection
	GlobalSection(ProjectConfigurationPlatforms) = postSolution
		{63E7F669-B802-40B1-90D2-283D15BDE944}.Debug|Any CPU.ActiveCfg = Debug|Any CPU
		{63E7F669-B802-40B1-90D2-283D15BDE944}.Debug|Any CPU.Build.0 = Debug|Any CPU
		{63E7F669-B802-40B1-90D2-283D15BDE944}.Release|Any CPU.ActiveCfg = Release|Any CPU
		{63E7F669-B802-40B1-90D2-283D15BDE944}.Release|Any CPU.Build.0 = Release|Any CPU
	EndGlobalSection
	GlobalSection(SolutionProperties) = preSolution
		HideSolutionNode = FALSE
	EndGlobalSection
	GlobalSection(ExtensibilityGlobals) = postSolution
		SolutionGuid = {4882A106-A6C2-4631-AAA7-017341430A5B}
	EndGlobalSection
EndGlobal
